
Microsoft Visual Studio Solution File, Format Version 12.00
# Visual Studio Version 17
VisualStudioVersion = 17.6.33829.357
MinimumVisualStudioVersion = 10.0.40219.1
Project("{FAE04EC0-301F-11D3-BF4B-00C04F79EFBC}") = "Labyrinth", "Labyrinth\Labyrinth.csproj", "{4C8C76CC-87EC-4931-BFBF-DBD12D837145}"
EndProject
Global
	GlobalSection(SolutionConfigurationPlatforms) = preSolution
		Debug|Any CPU = Debug|Any CPU
		Debug|x64 = Debug|x64
		Release|Any CPU = Release|Any CPU
		Release|x64 = Release|x64
	EndGlobalSection
	GlobalSection(ProjectConfigurationPlatforms) = postSolution
		{4C8C76CC-87EC-4931-BFBF-DBD12D837145}.Debug|Any CPU.ActiveCfg = Debug|Any CPU
		{4C8C76CC-87EC-4931-BFBF-DBD12D837145}.Debug|Any CPU.Build.0 = Debug|Any CPU
		{4C8C76CC-87EC-4931-BFBF-DBD12D837145}.Debug|x64.ActiveCfg = Debug|x64
		{4C8C76CC-87EC-4931-BFBF-DBD12D837145}.Debug|x64.Build.0 = Debug|x64
		{4C8C76CC-87EC-4931-BFBF-DBD12D837145}.Release|Any CPU.ActiveCfg = Release|Any CPU
		{4C8C76CC-87EC-4931-BFBF-DBD12D837145}.Release|Any CPU.Build.0 = Release|Any CPU
		{4C8C76CC-87EC-4931-BFBF-DBD12D837145}.Release|x64.ActiveCfg = Release|x64
		{4C8C76CC-87EC-4931-BFBF-DBD12D837145}.Release|x64.Build.0 = Release|x64
	EndGlobalSection
	GlobalSection(SolutionProperties) = preSolution
		HideSolutionNode = FALSE
	EndGlobalSection
	GlobalSection(ExtensibilityGlobals) = postSolution
		SolutionGuid = {C37F1279-1634-4456-8948-32F30FF1F223}
	EndGlobalSection
EndGlobal
